
Microsoft Visual Studio Solution File, Format Version 12.00
# Visual Studio Version 17
VisualStudioVersion = 17.4.33110.190
MinimumVisualStudioVersion = 10.0.40219.1
Project("{FAE04EC0-301F-11D3-BF4B-00C04F79EFBC}") = "Checker.Server", "Checker\Server\Checker.Server.csproj", "{63A3B476-2C77-44DA-9314-41CC52E9C81F}"
EndProject
Project("{FAE04EC0-301F-11D3-BF4B-00C04F79EFBC}") = "Checker.Client", "Checker\Client\Checker.Client.csproj", "{5C649711-E5E2-4084-A987-0C5C5208A368}"
EndProject
Project("{FAE04EC0-301F-11D3-BF4B-00C04F79EFBC}") = "Checker.Shared", "Checker\Shared\Checker.Shared.csproj", "{A063BCA4-F3AA-4040-8F2B-5D8A93BBD3ED}"
EndProject
Global
	GlobalSection(SolutionConfigurationPlatforms) = preSolution
		Debug|Any CPU = Debug|Any CPU
		Release|Any CPU = Release|Any CPU
	EndGlobalSection
	GlobalSection(ProjectConfigurationPlatforms) = postSolution
		{63A3B476-2C77-44DA-9314-41CC52E9C81F}.Debug|Any CPU.ActiveCfg = Debug|Any CPU
		{63A3B476-2C77-44DA-9314-41CC52E9C81F}.Debug|Any CPU.Build.0 = Debug|Any CPU
		{63A3B476-2C77-44DA-9314-41CC52E9C81F}.Release|Any CPU.ActiveCfg = Release|Any CPU
		{63A3B476-2C77-44DA-9314-41CC52E9C81F}.Release|Any CPU.Build.0 = Release|Any CPU
		{5C649711-E5E2-4084-A987-0C5C5208A368}.Debug|Any CPU.ActiveCfg = Debug|Any CPU
		{5C649711-E5E2-4084-A987-0C5C5208A368}.Debug|Any CPU.Build.0 = Debug|Any CPU
		{5C649711-E5E2-4084-A987-0C5C5208A368}.Release|Any CPU.ActiveCfg = Release|Any CPU
		{5C649711-E5E2-4084-A987-0C5C5208A368}.Release|Any CPU.Build.0 = Release|Any CPU
		{A063BCA4-F3AA-4040-8F2B-5D8A93BBD3ED}.Debug|Any CPU.ActiveCfg = Debug|Any CPU
		{A063BCA4-F3AA-4040-8F2B-5D8A93BBD3ED}.Debug|Any CPU.Build.0 = Debug|Any CPU
		{A063BCA4-F3AA-4040-8F2B-5D8A93BBD3ED}.Release|Any CPU.ActiveCfg = Release|Any CPU
		{A063BCA4-F3AA-4040-8F2B-5D8A93BBD3ED}.Release|Any CPU.Build.0 = Release|Any CPU
	EndGlobalSection
	GlobalSection(SolutionProperties) = preSolution
		HideSolutionNode = FALSE
	EndGlobalSection
	GlobalSection(ExtensibilityGlobals) = postSolution
		SolutionGuid = {8F2A6991-14CE-4D09-A8A0-87B273F6E0E9}
	EndGlobalSection
EndGlobal
